// !$*UTF8*$!
{
	archiveVersion = 1;
	classes = {
	};
	objectVersion = 46;
	objects = {

/* Begin PBXBuildFile section */
		A80E1D881DB3D86D00F078D3 /* Sketch.cpp in Sources */ = {isa = PBXBuildFile; fileRef = A80E1D851DB3D86D00F078D3 /* Sketch.cpp */; };
		A80E1D891DB3D86D00F078D3 /* main.cpp in Sources */ = {isa = PBXBuildFile; fileRef = A80E1D871DB3D86D00F078D3 /* main.cpp */; };
		A80E1D8E1DB3EC5A00F078D3 /* GLKit.framework in Frameworks */ = {isa = PBXBuildFile; fileRef = A80E1D8D1DB3EC5A00F078D3 /* GLKit.framework */; };
		A80E1D901DB3F5F200F078D3 /* OpenGLES.framework in Frameworks */ = {isa = PBXBuildFile; fileRef = A80E1D8F1DB3F5F200F078D3 /* OpenGLES.framework */; };
		A80E1D921DB3F61200F078D3 /* UIKit.framework in Frameworks */ = {isa = PBXBuildFile; fileRef = A80E1D911DB3F61200F078D3 /* UIKit.framework */; };
		A80E1D961DB4092F00F078D3 /* Default-568h@2x.png in Resources */ = {isa = PBXBuildFile; fileRef = A80E1D951DB4092F00F078D3 /* Default-568h@2x.png */; };
		A80E1D991DB40ADF00F078D3 /* Application.mm in Sources */ = {isa = PBXBuildFile; fileRef = A80E1D971DB40ADF00F078D3 /* Application.mm */; };
		A87A99C31DBBCB1400865F1E /* Main.storyboard in Resources */ = {isa = PBXBuildFile; fileRef = A87A99C21DBBCB1400865F1E /* Main.storyboard */; };
		A88397FF1DB3CF290008844C /* Assets.xcassets in Resources */ = {isa = PBXBuildFile; fileRef = A88397FE1DB3CF290008844C /* Assets.xcassets */; };
		A883980C1DB3D00D0008844C /* DebugConfig.xcconfig in Resources */ = {isa = PBXBuildFile; fileRef = A88398091DB3D00D0008844C /* DebugConfig.xcconfig */; };
		A883980D1DB3D00D0008844C /* ReleaseConfig.xcconfig in Resources */ = {isa = PBXBuildFile; fileRef = A883980A1DB3D00D0008844C /* ReleaseConfig.xcconfig */; };
		A883980E1DB3D00D0008844C /* Config.xcconfig in Resources */ = {isa = PBXBuildFile; fileRef = A883980B1DB3D00D0008844C /* Config.xcconfig */; };
/* End PBXBuildFile section */

/* Begin PBXFileReference section */
		A80E1D851DB3D86D00F078D3 /* Sketch.cpp */ = {isa = PBXFileReference; fileEncoding = 4; lastKnownFileType = sourcecode.cpp.cpp; name = Sketch.cpp; path = ../../src/Sketch.cpp; sourceTree = "<group>"; };
		A80E1D861DB3D86D00F078D3 /* Sketch.h */ = {isa = PBXFileReference; fileEncoding = 4; lastKnownFileType = sourcecode.c.h; name = Sketch.h; path = ../../src/Sketch.h; sourceTree = "<group>"; };
		A80E1D871DB3D86D00F078D3 /* main.cpp */ = {isa = PBXFileReference; explicitFileType = sourcecode.cpp.objcpp; fileEncoding = 4; name = main.cpp; path = ../../src/main.cpp; sourceTree = "<group>"; };
		A80E1D8D1DB3EC5A00F078D3 /* GLKit.framework */ = {isa = PBXFileReference; lastKnownFileType = wrapper.framework; name = GLKit.framework; path = Platforms/iPhoneOS.platform/Developer/SDKs/iPhoneOS9.3.sdk/System/Library/Frameworks/GLKit.framework; sourceTree = DEVELOPER_DIR; };
		A80E1D8F1DB3F5F200F078D3 /* OpenGLES.framework */ = {isa = PBXFileReference; lastKnownFileType = wrapper.framework; name = OpenGLES.framework; path = Platforms/iPhoneOS.platform/Developer/SDKs/iPhoneOS9.3.sdk/System/Library/Frameworks/OpenGLES.framework; sourceTree = DEVELOPER_DIR; };
		A80E1D911DB3F61200F078D3 /* UIKit.framework */ = {isa = PBXFileReference; lastKnownFileType = wrapper.framework; name = UIKit.framework; path = Platforms/iPhoneOS.platform/Developer/SDKs/iPhoneOS9.3.sdk/System/Library/Frameworks/UIKit.framework; sourceTree = DEVELOPER_DIR; };
		A80E1D951DB4092F00F078D3 /* Default-568h@2x.png */ = {isa = PBXFileReference; lastKnownFileType = image.png; name = "Default-568h@2x.png"; path = "../../res/Default-568h@2x.png"; sourceTree = "<group>"; };
		A80E1D971DB40ADF00F078D3 /* Application.mm */ = {isa = PBXFileReference; fileEncoding = 4; lastKnownFileType = sourcecode.cpp.objcpp; name = Application.mm; path = ../../src/ios/Application.mm; sourceTree = "<group>"; };
		A80E1D981DB40ADF00F078D3 /* Application.h */ = {isa = PBXFileReference; fileEncoding = 4; lastKnownFileType = sourcecode.c.h; name = Application.h; path = ../../src/ios/Application.h; sourceTree = "<group>"; };
		A87A99C21DBBCB1400865F1E /* Main.storyboard */ = {isa = PBXFileReference; fileEncoding = 4; lastKnownFileType = file.storyboard; path = Main.storyboard; sourceTree = "<group>"; };
		A88397EF1DB3CF290008844C /* TestingIO.app */ = {isa = PBXFileReference; explicitFileType = wrapper.application; includeInIndex = 0; path = TestingIO.app; sourceTree = BUILT_PRODUCTS_DIR; };
		A88397FE1DB3CF290008844C /* Assets.xcassets */ = {isa = PBXFileReference; lastKnownFileType = folder.assetcatalog; path = Assets.xcassets; sourceTree = "<group>"; };
		A88398031DB3CF290008844C /* Info.plist */ = {isa = PBXFileReference; lastKnownFileType = text.plist.xml; path = Info.plist; sourceTree = "<group>"; };
		A88398091DB3D00D0008844C /* DebugConfig.xcconfig */ = {isa = PBXFileReference; fileEncoding = 4; lastKnownFileType = text.xcconfig; path = DebugConfig.xcconfig; sourceTree = "<group>"; };
		A883980A1DB3D00D0008844C /* ReleaseConfig.xcconfig */ = {isa = PBXFileReference; fileEncoding = 4; lastKnownFileType = text.xcconfig; path = ReleaseConfig.xcconfig; sourceTree = "<group>"; };
		A883980B1DB3D00D0008844C /* Config.xcconfig */ = {isa = PBXFileReference; fileEncoding = 4; lastKnownFileType = text.xcconfig; path = Config.xcconfig; sourceTree = "<group>"; };
/* End PBXFileReference section */

/* Begin PBXFrameworksBuildPhase section */
		A88397EC1DB3CF290008844C /* Frameworks */ = {
			isa = PBXFrameworksBuildPhase;
			buildActionMask = 2147483647;
			files = (
				A80E1D921DB3F61200F078D3 /* UIKit.framework in Frameworks */,
				A80E1D901DB3F5F200F078D3 /* OpenGLES.framework in Frameworks */,
				A80E1D8E1DB3EC5A00F078D3 /* GLKit.framework in Frameworks */,
			);
			runOnlyForDeploymentPostprocessing = 0;
		};
/* End PBXFrameworksBuildPhase section */

/* Begin PBXGroup section */
		A88397E61DB3CF290008844C = {
			isa = PBXGroup;
			children = (
				A80E1D911DB3F61200F078D3 /* UIKit.framework */,
				A80E1D8F1DB3F5F200F078D3 /* OpenGLES.framework */,
				A80E1D8D1DB3EC5A00F078D3 /* GLKit.framework */,
				A88397F11DB3CF290008844C /* TestingIO */,
				A88397F01DB3CF290008844C /* Products */,
			);
			sourceTree = "<group>";
		};
		A88397F01DB3CF290008844C /* Products */ = {
			isa = PBXGroup;
			children = (
				A88397EF1DB3CF290008844C /* TestingIO.app */,
			);
			name = Products;
			sourceTree = "<group>";
		};
		A88397F11DB3CF290008844C /* TestingIO */ = {
			isa = PBXGroup;
			children = (
				A80E1D981DB40ADF00F078D3 /* Application.h */,
				A80E1D971DB40ADF00F078D3 /* Application.mm */,
				A87A99C21DBBCB1400865F1E /* Main.storyboard */,
				A883980B1DB3D00D0008844C /* Config.xcconfig */,
				A88398091DB3D00D0008844C /* DebugConfig.xcconfig */,
				A883980A1DB3D00D0008844C /* ReleaseConfig.xcconfig */,
				A88397FE1DB3CF290008844C /* Assets.xcassets */,
				A80E1D951DB4092F00F078D3 /* Default-568h@2x.png */,
				A88398031DB3CF290008844C /* Info.plist */,
				A88397F21DB3CF290008844C /* Supporting Files */,
			);
			path = TestingIO;
			sourceTree = "<group>";
		};
		A88397F21DB3CF290008844C /* Supporting Files */ = {
			isa = PBXGroup;
			children = (
				A80E1D871DB3D86D00F078D3 /* main.cpp */,
				A80E1D861DB3D86D00F078D3 /* Sketch.h */,
				A80E1D851DB3D86D00F078D3 /* Sketch.cpp */,
			);
			name = "Supporting Files";
			sourceTree = "<group>";
		};
/* End PBXGroup section */

/* Begin PBXNativeTarget section */
		A88397EE1DB3CF290008844C /* TestingIO */ = {
			isa = PBXNativeTarget;
			buildConfigurationList = A88398061DB3CF290008844C /* Build configuration list for PBXNativeTarget "TestingIO" */;
			buildPhases = (
				A88397EB1DB3CF290008844C /* Sources */,
				A88397EC1DB3CF290008844C /* Frameworks */,
				A88397ED1DB3CF290008844C /* Resources */,
			);
			buildRules = (
			);
			dependencies = (
			);
			name = TestingIO;
			productName = TestingIO;
			productReference = A88397EF1DB3CF290008844C /* TestingIO.app */;
			productType = "com.apple.product-type.application";
		};
/* End PBXNativeTarget section */

/* Begin PBXProject section */
		A88397E71DB3CF290008844C /* Project object */ = {
			isa = PBXProject;
			attributes = {
				LastUpgradeCheck = 0730;
				ORGANIZATIONNAME = chronotext;
				TargetAttributes = {
					A88397EE1DB3CF290008844C = {
						CreatedOnToolsVersion = 7.3.1;
					};
				};
			};
			buildConfigurationList = A88397EA1DB3CF290008844C /* Build configuration list for PBXProject "TestingIO" */;
			compatibilityVersion = "Xcode 3.2";
			developmentRegion = English;
			hasScannedForEncodings = 0;
			knownRegions = (
				en,
				Base,
			);
			mainGroup = A88397E61DB3CF290008844C;
			productRefGroup = A88397F01DB3CF290008844C /* Products */;
			projectDirPath = "";
			projectRoot = "";
			targets = (
				A88397EE1DB3CF290008844C /* TestingIO */,
			);
		};
/* End PBXProject section */

/* Begin PBXResourcesBuildPhase section */
		A88397ED1DB3CF290008844C /* Resources */ = {
			isa = PBXResourcesBuildPhase;
			buildActionMask = 2147483647;
			files = (
				A883980C1DB3D00D0008844C /* DebugConfig.xcconfig in Resources */,
				A883980D1DB3D00D0008844C /* ReleaseConfig.xcconfig in Resources */,
				A88397FF1DB3CF290008844C /* Assets.xcassets in Resources */,
				A87A99C31DBBCB1400865F1E /* Main.storyboard in Resources */,
				A80E1D961DB4092F00F078D3 /* Default-568h@2x.png in Resources */,
				A883980E1DB3D00D0008844C /* Config.xcconfig in Resources */,
			);
			runOnlyForDeploymentPostprocessing = 0;
		};
/* End PBXResourcesBuildPhase section */

/* Begin PBXSourcesBuildPhase section */
		A88397EB1DB3CF290008844C /* Sources */ = {
			isa = PBXSourcesBuildPhase;
			buildActionMask = 2147483647;
			files = (
				A80E1D891DB3D86D00F078D3 /* main.cpp in Sources */,
				A80E1D881DB3D86D00F078D3 /* Sketch.cpp in Sources */,
				A80E1D991DB40ADF00F078D3 /* Application.mm in Sources */,
			);
			runOnlyForDeploymentPostprocessing = 0;
		};
/* End PBXSourcesBuildPhase section */

/* Begin XCBuildConfiguration section */
		A88398041DB3CF290008844C /* Debug */ = {
			isa = XCBuildConfiguration;
			buildSettings = {
			};
			name = Debug;
		};
		A88398051DB3CF290008844C /* Release */ = {
			isa = XCBuildConfiguration;
			buildSettings = {
			};
			name = Release;
		};
		A88398071DB3CF290008844C /* Debug */ = {
			isa = XCBuildConfiguration;
			baseConfigurationReference = A88398091DB3D00D0008844C /* DebugConfig.xcconfig */;
			buildSettings = {
			};
			name = Debug;
		};
		A88398081DB3CF290008844C /* Release */ = {
			isa = XCBuildConfiguration;
			baseConfigurationReference = A883980A1DB3D00D0008844C /* ReleaseConfig.xcconfig */;
			buildSettings = {
			};
			name = Release;
		};
/* End XCBuildConfiguration section */

/* Begin XCConfigurationList section */
		A88397EA1DB3CF290008844C /* Build configuration list for PBXProject "TestingIO" */ = {
			isa = XCConfigurationList;
			buildConfigurations = (
				A88398041DB3CF290008844C /* Debug */,
				A88398051DB3CF290008844C /* Release */,
			);
			defaultConfigurationIsVisible = 0;
			defaultConfigurationName = Release;
		};
		A88398061DB3CF290008844C /* Build configuration list for PBXNativeTarget "TestingIO" */ = {
			isa = XCConfigurationList;
			buildConfigurations = (
				A88398071DB3CF290008844C /* Debug */,
				A88398081DB3CF290008844C /* Release */,
			);
			defaultConfigurationIsVisible = 0;
			defaultConfigurationName = Release;
		};
/* End XCConfigurationList section */
	};
	rootObject = A88397E71DB3CF290008844C /* Project object */;
}
